
Microsoft Visual Studio Solution File, Format Version 12.00
# Visual Studio Version 17
VisualStudioVersion = 17.5.002.0
MinimumVisualStudioVersion = 10.0.40219.1
Project("{9A19103F-16F7-4668-BE54-9A1E7A4F7556}") = "CosmoDb", "CosmoDb.csproj", "{72CDA306-695A-42C7-AC86-AD7DD679F05C}"
EndProject
Global
	GlobalSection(SolutionConfigurationPlatforms) = preSolution
		Debug|Any CPU = Debug|Any CPU
		Release|Any CPU = Release|Any CPU
	EndGlobalSection
	GlobalSection(ProjectConfigurationPlatforms) = postSolution
		{72CDA306-695A-42C7-AC86-AD7DD679F05C}.Debug|Any CPU.ActiveCfg = Debug|Any CPU
		{72CDA306-695A-42C7-AC86-AD7DD679F05C}.Debug|Any CPU.Build.0 = Debug|Any CPU
		{72CDA306-695A-42C7-AC86-AD7DD679F05C}.Release|Any CPU.ActiveCfg = Release|Any CPU
		{72CDA306-695A-42C7-AC86-AD7DD679F05C}.Release|Any CPU.Build.0 = Release|Any CPU
	EndGlobalSection
	GlobalSection(SolutionProperties) = preSolution
		HideSolutionNode = FALSE
	EndGlobalSection
	GlobalSection(ExtensibilityGlobals) = postSolution
		SolutionGuid = {A9C38713-68FD-4964-80A5-163FDCF1C3F4}
	EndGlobalSection
EndGlobal
